{
  "name": "graphql-result-size",
  "version": "0.0.1",
  "lockfileVersion": 1,
  "requires": true,
  "dependencies": {
    "key-del": {
      "version": "1.3.0",
      "resolved": "https://registry.npmjs.org/key-del/-/key-del-1.3.0.tgz",
      "integrity": "sha512-jLugFYpVOZPKmRBlWoGIN3cMd0H8gbrqBIJsUwwTFyfZeTAqIZBZgAuAMS3+2qcHYLDjSAsWjZ2t6E/Bk5bOyQ==",
      "requires": {
        "lodash": "^4.7.0"
      }
    },
    "lodash": {
      "version": "4.17.20",
      "resolved": "https://registry.npmjs.org/lodash/-/lodash-4.17.20.tgz",
      "integrity": "sha512-PlhdFcillOINfeV7Ni6oF1TAEayyZBoZ8bcshTHqOYJYlrqzRK5hagpagky5o4HfCzzd1TRkXPMFq6cKk9rGmA=="
    }
  }
}
